
Microsoft Visual Studio Solution File, Format Version 12.00
# Visual Studio 2013
VisualStudioVersion = 12.0.30501.0
MinimumVisualStudioVersion = 10.0.40219.1
Project("{2150E333-8FDC-42A3-9474-1A3956D46DE8}") = "MVVMCross Approach", "MVVMCross Approach", "{C4B52395-D78B-4E7C-B7BB-6E95EDD64208}"
EndProject
Project("{FAE04EC0-301F-11D3-BF4B-00C04F79EFBC}") = "SevillaMobilityDay.Core", "SevillaMobilityDayMVVMCross\SevillaMobilityDayMVVMCross\SevillaMobilityDay.Core.csproj", "{AF5ABF3D-ABE8-4794-BD72-8CD07ADE7790}"
EndProject
Project("{FAE04EC0-301F-11D3-BF4B-00C04F79EFBC}") = "SevillaMobilityDayMVVMCross.iOS", "SevillaMobilityDayMVVMCross\SevillaMobilityDayMVVMCross.iOS\SevillaMobilityDayMVVMCross.iOS.csproj", "{E966E8C8-0224-4C36-A8A6-2FF9535662E4}"
EndProject
Project("{FAE04EC0-301F-11D3-BF4B-00C04F79EFBC}") = "SevillaMobilityDayMVVMCross.Android", "SevillaMobilityDayMVVMCross\SevillaMobilityDayMVVMCross.Android\SevillaMobilityDayMVVMCross.Android.csproj", "{0F6E4B9C-B889-4E13-9CFB-65749E0EA146}"
EndProject
Project("{FAE04EC0-301F-11D3-BF4B-00C04F79EFBC}") = "SevillaMobilityDayMVVMCross.WinPhone", "SevillaMobilityDayMVVMCross\SevillaMobilityDayMVVMCross.WinPhone\SevillaMobilityDayMVVMCross.WinPhone.csproj", "{3A546142-6773-462E-B334-09CA68C7AF14}"
EndProject
Project("{2150E333-8FDC-42A3-9474-1A3956D46DE8}") = "Xamarin.Forms Approach", "Xamarin.Forms Approach", "{66C6F94E-A357-4AF6-B4B2-BA2B889EB7FB}"
EndProject
Project("{FAE04EC0-301F-11D3-BF4B-00C04F79EFBC}") = "SevillaMobilityDayXamarinForms.WinPhone", "SevillaMobilityDayXamarinForms\SevillaMobilityDayXamarinForms.WinPhone\SevillaMobilityDayXamarinForms.WinPhone.csproj", "{AEBF58E3-B58F-4625-B767-572D6F3429E5}"
EndProject
Project("{FAE04EC0-301F-11D3-BF4B-00C04F79EFBC}") = "SevillaMobilityDayXamarinForms.iOS", "SevillaMobilityDayXamarinForms\SevillaMobilityDayXamarinForms.iOS\SevillaMobilityDayXamarinForms.iOS.csproj", "{111882E1-D1A2-487F-8763-A751CEE7316F}"
EndProject
Project("{FAE04EC0-301F-11D3-BF4B-00C04F79EFBC}") = "SevillaMobilityDayXamarinForms.Android", "SevillaMobilityDayXamarinForms\SevillaMobilityDayXamarinForms.Android\SevillaMobilityDayXamarinForms.Android.csproj", "{0623B093-D941-4C03-968F-62AAED8ED6CE}"
EndProject
Project("{D954291E-2A0B-460D-934E-DC6B0785DB48}") = "SevillaMobilityDayXamarinForms", "SevillaMobilityDayXamarinForms\SevillaMobilityDayXamarinForms\SevillaMobilityDayXamarinForms.shproj", "{BD17EDE4-2F32-4792-A243-50A819787E1A}"
EndProject
Global
	GlobalSection(SharedMSBuildProjectFiles) = preSolution
		SevillaMobilityDayXamarinForms\SevillaMobilityDayXamarinForms\SevillaMobilityDayXamarinForms.projitems*{0623b093-d941-4c03-968f-62aaed8ed6ce}*SharedItemsImports = 4
		SevillaMobilityDayXamarinForms\SevillaMobilityDayXamarinForms\SevillaMobilityDayXamarinForms.projitems*{bd17ede4-2f32-4792-a243-50a819787e1a}*SharedItemsImports = 13
		SevillaMobilityDayXamarinForms\SevillaMobilityDayXamarinForms\SevillaMobilityDayXamarinForms.projitems*{aebf58e3-b58f-4625-b767-572d6f3429e5}*SharedItemsImports = 4
		SevillaMobilityDayXamarinForms\SevillaMobilityDayXamarinForms\SevillaMobilityDayXamarinForms.projitems*{111882e1-d1a2-487f-8763-a751cee7316f}*SharedItemsImports = 4
	EndGlobalSection
	GlobalSection(SolutionConfigurationPlatforms) = preSolution
		Ad-Hoc|Any CPU = Ad-Hoc|Any CPU
		Ad-Hoc|ARM = Ad-Hoc|ARM
		Ad-Hoc|iPhone = Ad-Hoc|iPhone
		Ad-Hoc|iPhoneSimulator = Ad-Hoc|iPhoneSimulator
		Ad-Hoc|Mixed Platforms = Ad-Hoc|Mixed Platforms
		Ad-Hoc|x86 = Ad-Hoc|x86
		AppStore|Any CPU = AppStore|Any CPU
		AppStore|ARM = AppStore|ARM
		AppStore|iPhone = AppStore|iPhone
		AppStore|iPhoneSimulator = AppStore|iPhoneSimulator
		AppStore|Mixed Platforms = AppStore|Mixed Platforms
		AppStore|x86 = AppStore|x86
		Debug|Any CPU = Debug|Any CPU
		Debug|ARM = Debug|ARM
		Debug|iPhone = Debug|iPhone
		Debug|iPhoneSimulator = Debug|iPhoneSimulator
		Debug|Mixed Platforms = Debug|Mixed Platforms
		Debug|x86 = Debug|x86
		Release|Any CPU = Release|Any CPU
		Release|ARM = Release|ARM
		Release|iPhone = Release|iPhone
		Release|iPhoneSimulator = Release|iPhoneSimulator
		Release|Mixed Platforms = Release|Mixed Platforms
		Release|x86 = Release|x86
	EndGlobalSection
	GlobalSection(ProjectConfigurationPlatforms) = postSolution
		{AF5ABF3D-ABE8-4794-BD72-8CD07ADE7790}.Ad-Hoc|Any CPU.ActiveCfg = Release|Any CPU
		{AF5ABF3D-ABE8-4794-BD72-8CD07ADE7790}.Ad-Hoc|Any CPU.Build.0 = Release|Any CPU
		{AF5ABF3D-ABE8-4794-BD72-8CD07ADE7790}.Ad-Hoc|ARM.ActiveCfg = Release|Any CPU
		{AF5ABF3D-ABE8-4794-BD72-8CD07ADE7790}.Ad-Hoc|iPhone.ActiveCfg = Release|Any CPU
		{AF5ABF3D-ABE8-4794-BD72-8CD07ADE7790}.Ad-Hoc|iPhoneSimulator.ActiveCfg = Release|Any CPU
		{AF5ABF3D-ABE8-4794-BD72-8CD07ADE7790}.Ad-Hoc|Mixed Platforms.ActiveCfg = Release|Any CPU
		{AF5ABF3D-ABE8-4794-BD72-8CD07ADE7790}.Ad-Hoc|Mixed Platforms.Build.0 = Release|Any CPU
		{AF5ABF3D-ABE8-4794-BD72-8CD07ADE7790}.Ad-Hoc|x86.ActiveCfg = Release|Any CPU
		{AF5ABF3D-ABE8-4794-BD72-8CD07ADE7790}.AppStore|Any CPU.ActiveCfg = Release|Any CPU
		{AF5ABF3D-ABE8-4794-BD72-8CD07ADE7790}.AppStore|Any CPU.Build.0 = Release|Any CPU
		{AF5ABF3D-ABE8-4794-BD72-8CD07ADE7790}.AppStore|ARM.ActiveCfg = Release|Any CPU
		{AF5ABF3D-ABE8-4794-BD72-8CD07ADE7790}.AppStore|iPhone.ActiveCfg = Release|Any CPU
		{AF5ABF3D-ABE8-4794-BD72-8CD07ADE7790}.AppStore|iPhoneSimulator.ActiveCfg = Release|Any CPU
		{AF5ABF3D-ABE8-4794-BD72-8CD07ADE7790}.AppStore|Mixed Platforms.ActiveCfg = Release|Any CPU
		{AF5ABF3D-ABE8-4794-BD72-8CD07ADE7790}.AppStore|Mixed Platforms.Build.0 = Release|Any CPU
		{AF5ABF3D-ABE8-4794-BD72-8CD07ADE7790}.AppStore|x86.ActiveCfg = Release|Any CPU
		{AF5ABF3D-ABE8-4794-BD72-8CD07ADE7790}.Debug|Any CPU.ActiveCfg = Debug|Any CPU
		{AF5ABF3D-ABE8-4794-BD72-8CD07ADE7790}.Debug|Any CPU.Build.0 = Debug|Any CPU
		{AF5ABF3D-ABE8-4794-BD72-8CD07ADE7790}.Debug|ARM.ActiveCfg = Debug|Any CPU
		{AF5ABF3D-ABE8-4794-BD72-8CD07ADE7790}.Debug|iPhone.ActiveCfg = Debug|Any CPU
		{AF5ABF3D-ABE8-4794-BD72-8CD07ADE7790}.Debug|iPhoneSimulator.ActiveCfg = Debug|Any CPU
		{AF5ABF3D-ABE8-4794-BD72-8CD07ADE7790}.Debug|Mixed Platforms.ActiveCfg = Debug|Any CPU
		{AF5ABF3D-ABE8-4794-BD72-8CD07ADE7790}.Debug|Mixed Platforms.Build.0 = Debug|Any CPU
		{AF5ABF3D-ABE8-4794-BD72-8CD07ADE7790}.Debug|x86.ActiveCfg = Debug|Any CPU
		{AF5ABF3D-ABE8-4794-BD72-8CD07ADE7790}.Release|Any CPU.ActiveCfg = Release|Any CPU
		{AF5ABF3D-ABE8-4794-BD72-8CD07ADE7790}.Release|Any CPU.Build.0 = Release|Any CPU
		{AF5ABF3D-ABE8-4794-BD72-8CD07ADE7790}.Release|ARM.ActiveCfg = Release|Any CPU
		{AF5ABF3D-ABE8-4794-BD72-8CD07ADE7790}.Release|iPhone.ActiveCfg = Release|Any CPU
		{AF5ABF3D-ABE8-4794-BD72-8CD07ADE7790}.Release|iPhoneSimulator.ActiveCfg = Release|Any CPU
		{AF5ABF3D-ABE8-4794-BD72-8CD07ADE7790}.Release|Mixed Platforms.ActiveCfg = Release|Any CPU
		{AF5ABF3D-ABE8-4794-BD72-8CD07ADE7790}.Release|Mixed Platforms.Build.0 = Release|Any CPU
		{AF5ABF3D-ABE8-4794-BD72-8CD07ADE7790}.Release|x86.ActiveCfg = Release|Any CPU
		{E966E8C8-0224-4C36-A8A6-2FF9535662E4}.Ad-Hoc|Any CPU.ActiveCfg = Ad-Hoc|iPhone
		{E966E8C8-0224-4C36-A8A6-2FF9535662E4}.Ad-Hoc|ARM.ActiveCfg = Ad-Hoc|iPhone
		{E966E8C8-0224-4C36-A8A6-2FF9535662E4}.Ad-Hoc|iPhone.ActiveCfg = Ad-Hoc|iPhone
		{E966E8C8-0224-4C36-A8A6-2FF9535662E4}.Ad-Hoc|iPhone.Build.0 = Ad-Hoc|iPhone
		{E966E8C8-0224-4C36-A8A6-2FF9535662E4}.Ad-Hoc|iPhone.Deploy.0 = Ad-Hoc|iPhone
		{E966E8C8-0224-4C36-A8A6-2FF9535662E4}.Ad-Hoc|iPhoneSimulator.ActiveCfg = Ad-Hoc|iPhoneSimulator
		{E966E8C8-0224-4C36-A8A6-2FF9535662E4}.Ad-Hoc|iPhoneSimulator.Build.0 = Ad-Hoc|iPhoneSimulator
		{E966E8C8-0224-4C36-A8A6-2FF9535662E4}.Ad-Hoc|iPhoneSimulator.Deploy.0 = Ad-Hoc|iPhoneSimulator
		{E966E8C8-0224-4C36-A8A6-2FF9535662E4}.Ad-Hoc|Mixed Platforms.ActiveCfg = Ad-Hoc|iPhone
		{E966E8C8-0224-4C36-A8A6-2FF9535662E4}.Ad-Hoc|Mixed Platforms.Build.0 = Ad-Hoc|iPhone
		{E966E8C8-0224-4C36-A8A6-2FF9535662E4}.Ad-Hoc|Mixed Platforms.Deploy.0 = Ad-Hoc|iPhone
		{E966E8C8-0224-4C36-A8A6-2FF9535662E4}.Ad-Hoc|x86.ActiveCfg = Ad-Hoc|iPhone
		{E966E8C8-0224-4C36-A8A6-2FF9535662E4}.AppStore|Any CPU.ActiveCfg = AppStore|iPhone
		{E966E8C8-0224-4C36-A8A6-2FF9535662E4}.AppStore|ARM.ActiveCfg = AppStore|iPhone
		{E966E8C8-0224-4C36-A8A6-2FF9535662E4}.AppStore|iPhone.ActiveCfg = AppStore|iPhone
		{E966E8C8-0224-4C36-A8A6-2FF9535662E4}.AppStore|iPhone.Build.0 = AppStore|iPhone
		{E966E8C8-0224-4C36-A8A6-2FF9535662E4}.AppStore|iPhone.Deploy.0 = AppStore|iPhone
		{E966E8C8-0224-4C36-A8A6-2FF9535662E4}.AppStore|iPhoneSimulator.ActiveCfg = AppStore|iPhoneSimulator
		{E966E8C8-0224-4C36-A8A6-2FF9535662E4}.AppStore|iPhoneSimulator.Build.0 = AppStore|iPhoneSimulator
		{E966E8C8-0224-4C36-A8A6-2FF9535662E4}.AppStore|iPhoneSimulator.Deploy.0 = AppStore|iPhoneSimulator
		{E966E8C8-0224-4C36-A8A6-2FF9535662E4}.AppStore|Mixed Platforms.ActiveCfg = AppStore|iPhone
		{E966E8C8-0224-4C36-A8A6-2FF9535662E4}.AppStore|Mixed Platforms.Build.0 = AppStore|iPhone
		{E966E8C8-0224-4C36-A8A6-2FF9535662E4}.AppStore|Mixed Platforms.Deploy.0 = AppStore|iPhone
		{E966E8C8-0224-4C36-A8A6-2FF9535662E4}.AppStore|x86.ActiveCfg = AppStore|iPhone
		{E966E8C8-0224-4C36-A8A6-2FF9535662E4}.Debug|Any CPU.ActiveCfg = Debug|iPhone
		{E966E8C8-0224-4C36-A8A6-2FF9535662E4}.Debug|ARM.ActiveCfg = Debug|iPhone
		{E966E8C8-0224-4C36-A8A6-2FF9535662E4}.Debug|iPhone.ActiveCfg = Debug|iPhone
		{E966E8C8-0224-4C36-A8A6-2FF9535662E4}.Debug|iPhone.Build.0 = Debug|iPhone
		{E966E8C8-0224-4C36-A8A6-2FF9535662E4}.Debug|iPhone.Deploy.0 = Debug|iPhone
		{E966E8C8-0224-4C36-A8A6-2FF9535662E4}.Debug|iPhoneSimulator.ActiveCfg = Debug|iPhoneSimulator
		{E966E8C8-0224-4C36-A8A6-2FF9535662E4}.Debug|iPhoneSimulator.Build.0 = Debug|iPhoneSimulator
		{E966E8C8-0224-4C36-A8A6-2FF9535662E4}.Debug|iPhoneSimulator.Deploy.0 = Debug|iPhoneSimulator
		{E966E8C8-0224-4C36-A8A6-2FF9535662E4}.Debug|Mixed Platforms.ActiveCfg = Debug|iPhone
		{E966E8C8-0224-4C36-A8A6-2FF9535662E4}.Debug|Mixed Platforms.Build.0 = Debug|iPhone
		{E966E8C8-0224-4C36-A8A6-2FF9535662E4}.Debug|Mixed Platforms.Deploy.0 = Debug|iPhone
		{E966E8C8-0224-4C36-A8A6-2FF9535662E4}.Debug|x86.ActiveCfg = Debug|iPhone
		{E966E8C8-0224-4C36-A8A6-2FF9535662E4}.Release|Any CPU.ActiveCfg = Release|iPhone
		{E966E8C8-0224-4C36-A8A6-2FF9535662E4}.Release|ARM.ActiveCfg = Release|iPhone
		{E966E8C8-0224-4C36-A8A6-2FF9535662E4}.Release|iPhone.ActiveCfg = Release|iPhone
		{E966E8C8-0224-4C36-A8A6-2FF9535662E4}.Release|iPhone.Build.0 = Release|iPhone
		{E966E8C8-0224-4C36-A8A6-2FF9535662E4}.Release|iPhone.Deploy.0 = Release|iPhone
		{E966E8C8-0224-4C36-A8A6-2FF9535662E4}.Release|iPhoneSimulator.ActiveCfg = Release|iPhoneSimulator
		{E966E8C8-0224-4C36-A8A6-2FF9535662E4}.Release|iPhoneSimulator.Build.0 = Release|iPhoneSimulator
		{E966E8C8-0224-4C36-A8A6-2FF9535662E4}.Release|iPhoneSimulator.Deploy.0 = Release|iPhoneSimulator
		{E966E8C8-0224-4C36-A8A6-2FF9535662E4}.Release|Mixed Platforms.ActiveCfg = Release|iPhone
		{E966E8C8-0224-4C36-A8A6-2FF9535662E4}.Release|Mixed Platforms.Build.0 = Release|iPhone
		{E966E8C8-0224-4C36-A8A6-2FF9535662E4}.Release|Mixed Platforms.Deploy.0 = Release|iPhone
		{E966E8C8-0224-4C36-A8A6-2FF9535662E4}.Release|x86.ActiveCfg = Release|iPhone
		{0F6E4B9C-B889-4E13-9CFB-65749E0EA146}.Ad-Hoc|Any CPU.ActiveCfg = Release|Any CPU
		{0F6E4B9C-B889-4E13-9CFB-65749E0EA146}.Ad-Hoc|Any CPU.Build.0 = Release|Any CPU
		{0F6E4B9C-B889-4E13-9CFB-65749E0EA146}.Ad-Hoc|Any CPU.Deploy.0 = Release|Any CPU
		{0F6E4B9C-B889-4E13-9CFB-65749E0EA146}.Ad-Hoc|ARM.ActiveCfg = Release|Any CPU
		{0F6E4B9C-B889-4E13-9CFB-65749E0EA146}.Ad-Hoc|iPhone.ActiveCfg = Release|Any CPU
		{0F6E4B9C-B889-4E13-9CFB-65749E0EA146}.Ad-Hoc|iPhoneSimulator.ActiveCfg = Release|Any CPU
		{0F6E4B9C-B889-4E13-9CFB-65749E0EA146}.Ad-Hoc|Mixed Platforms.ActiveCfg = Release|Any CPU
		{0F6E4B9C-B889-4E13-9CFB-65749E0EA146}.Ad-Hoc|Mixed Platforms.Build.0 = Release|Any CPU
		{0F6E4B9C-B889-4E13-9CFB-65749E0EA146}.Ad-Hoc|Mixed Platforms.Deploy.0 = Release|Any CPU
		{0F6E4B9C-B889-4E13-9CFB-65749E0EA146}.Ad-Hoc|x86.ActiveCfg = Release|Any CPU
		{0F6E4B9C-B889-4E13-9CFB-65749E0EA146}.AppStore|Any CPU.ActiveCfg = Release|Any CPU
		{0F6E4B9C-B889-4E13-9CFB-65749E0EA146}.AppStore|Any CPU.Build.0 = Release|Any CPU
		{0F6E4B9C-B889-4E13-9CFB-65749E0EA146}.AppStore|Any CPU.Deploy.0 = Release|Any CPU
		{0F6E4B9C-B889-4E13-9CFB-65749E0EA146}.AppStore|ARM.ActiveCfg = Release|Any CPU
		{0F6E4B9C-B889-4E13-9CFB-65749E0EA146}.AppStore|iPhone.ActiveCfg = Release|Any CPU
		{0F6E4B9C-B889-4E13-9CFB-65749E0EA146}.AppStore|iPhoneSimulator.ActiveCfg = Release|Any CPU
		{0F6E4B9C-B889-4E13-9CFB-65749E0EA146}.AppStore|Mixed Platforms.ActiveCfg = Release|Any CPU
		{0F6E4B9C-B889-4E13-9CFB-65749E0EA146}.AppStore|Mixed Platforms.Build.0 = Release|Any CPU
		{0F6E4B9C-B889-4E13-9CFB-65749E0EA146}.AppStore|Mixed Platforms.Deploy.0 = Release|Any CPU
		{0F6E4B9C-B889-4E13-9CFB-65749E0EA146}.AppStore|x86.ActiveCfg = Release|Any CPU
		{0F6E4B9C-B889-4E13-9CFB-65749E0EA146}.Debug|Any CPU.ActiveCfg = Debug|Any CPU
		{0F6E4B9C-B889-4E13-9CFB-65749E0EA146}.Debug|Any CPU.Build.0 = Debug|Any CPU
		{0F6E4B9C-B889-4E13-9CFB-65749E0EA146}.Debug|Any CPU.Deploy.0 = Debug|Any CPU
		{0F6E4B9C-B889-4E13-9CFB-65749E0EA146}.Debug|ARM.ActiveCfg = Debug|Any CPU
		{0F6E4B9C-B889-4E13-9CFB-65749E0EA146}.Debug|iPhone.ActiveCfg = Debug|Any CPU
		{0F6E4B9C-B889-4E13-9CFB-65749E0EA146}.Debug|iPhoneSimulator.ActiveCfg = Debug|Any CPU
		{0F6E4B9C-B889-4E13-9CFB-65749E0EA146}.Debug|Mixed Platforms.ActiveCfg = Debug|Any CPU
		{0F6E4B9C-B889-4E13-9CFB-65749E0EA146}.Debug|Mixed Platforms.Build.0 = Debug|Any CPU
		{0F6E4B9C-B889-4E13-9CFB-65749E0EA146}.Debug|Mixed Platforms.Deploy.0 = Debug|Any CPU
		{0F6E4B9C-B889-4E13-9CFB-65749E0EA146}.Debug|x86.ActiveCfg = Debug|Any CPU
		{0F6E4B9C-B889-4E13-9CFB-65749E0EA146}.Release|Any CPU.ActiveCfg = Release|Any CPU
		{0F6E4B9C-B889-4E13-9CFB-65749E0EA146}.Release|Any CPU.Build.0 = Release|Any CPU
		{0F6E4B9C-B889-4E13-9CFB-65749E0EA146}.Release|Any CPU.Deploy.0 = Release|Any CPU
		{0F6E4B9C-B889-4E13-9CFB-65749E0EA146}.Release|ARM.ActiveCfg = Release|Any CPU
		{0F6E4B9C-B889-4E13-9CFB-65749E0EA146}.Release|iPhone.ActiveCfg = Release|Any CPU
		{0F6E4B9C-B889-4E13-9CFB-65749E0EA146}.Release|iPhoneSimulator.ActiveCfg = Release|Any CPU
		{0F6E4B9C-B889-4E13-9CFB-65749E0EA146}.Release|Mixed Platforms.ActiveCfg = Release|Any CPU
		{0F6E4B9C-B889-4E13-9CFB-65749E0EA146}.Release|Mixed Platforms.Build.0 = Release|Any CPU
		{0F6E4B9C-B889-4E13-9CFB-65749E0EA146}.Release|Mixed Platforms.Deploy.0 = Release|Any CPU
		{0F6E4B9C-B889-4E13-9CFB-65749E0EA146}.Release|x86.ActiveCfg = Release|Any CPU
		{3A546142-6773-462E-B334-09CA68C7AF14}.Ad-Hoc|Any CPU.ActiveCfg = Release|Any CPU
		{3A546142-6773-462E-B334-09CA68C7AF14}.Ad-Hoc|Any CPU.Build.0 = Release|Any CPU
		{3A546142-6773-462E-B334-09CA68C7AF14}.Ad-Hoc|Any CPU.Deploy.0 = Release|Any CPU
		{3A546142-6773-462E-B334-09CA68C7AF14}.Ad-Hoc|ARM.ActiveCfg = Release|ARM
		{3A546142-6773-462E-B334-09CA68C7AF14}.Ad-Hoc|ARM.Build.0 = Release|ARM
		{3A546142-6773-462E-B334-09CA68C7AF14}.Ad-Hoc|ARM.Deploy.0 = Release|ARM
		{3A546142-6773-462E-B334-09CA68C7AF14}.Ad-Hoc|iPhone.ActiveCfg = Release|Any CPU
		{3A546142-6773-462E-B334-09CA68C7AF14}.Ad-Hoc|iPhoneSimulator.ActiveCfg = Release|Any CPU
		{3A546142-6773-462E-B334-09CA68C7AF14}.Ad-Hoc|Mixed Platforms.ActiveCfg = Release|x86
		{3A546142-6773-462E-B334-09CA68C7AF14}.Ad-Hoc|Mixed Platforms.Build.0 = Release|x86
		{3A546142-6773-462E-B334-09CA68C7AF14}.Ad-Hoc|Mixed Platforms.Deploy.0 = Release|x86
		{3A546142-6773-462E-B334-09CA68C7AF14}.Ad-Hoc|x86.ActiveCfg = Release|x86
		{3A546142-6773-462E-B334-09CA68C7AF14}.Ad-Hoc|x86.Build.0 = Release|x86
		{3A546142-6773-462E-B334-09CA68C7AF14}.Ad-Hoc|x86.Deploy.0 = Release|x86
		{3A546142-6773-462E-B334-09CA68C7AF14}.AppStore|Any CPU.ActiveCfg = Release|Any CPU
		{3A546142-6773-462E-B334-09CA68C7AF14}.AppStore|Any CPU.Build.0 = Release|Any CPU
		{3A546142-6773-462E-B334-09CA68C7AF14}.AppStore|Any CPU.Deploy.0 = Release|Any CPU
		{3A546142-6773-462E-B334-09CA68C7AF14}.AppStore|ARM.ActiveCfg = Release|ARM
		{3A546142-6773-462E-B334-09CA68C7AF14}.AppStore|ARM.Build.0 = Release|ARM
		{3A546142-6773-462E-B334-09CA68C7AF14}.AppStore|ARM.Deploy.0 = Release|ARM
		{3A546142-6773-462E-B334-09CA68C7AF14}.AppStore|iPhone.ActiveCfg = Release|Any CPU
		{3A546142-6773-462E-B334-09CA68C7AF14}.AppStore|iPhoneSimulator.ActiveCfg = Release|Any CPU
		{3A546142-6773-462E-B334-09CA68C7AF14}.AppStore|Mixed Platforms.ActiveCfg = Release|x86
		{3A546142-6773-462E-B334-09CA68C7AF14}.AppStore|Mixed Platforms.Build.0 = Release|x86
		{3A546142-6773-462E-B334-09CA68C7AF14}.AppStore|Mixed Platforms.Deploy.0 = Release|x86
		{3A546142-6773-462E-B334-09CA68C7AF14}.AppStore|x86.ActiveCfg = Release|x86
		{3A546142-6773-462E-B334-09CA68C7AF14}.AppStore|x86.Build.0 = Release|x86
		{3A546142-6773-462E-B334-09CA68C7AF14}.AppStore|x86.Deploy.0 = Release|x86
		{3A546142-6773-462E-B334-09CA68C7AF14}.Debug|Any CPU.ActiveCfg = Debug|Any CPU
		{3A546142-6773-462E-B334-09CA68C7AF14}.Debug|Any CPU.Build.0 = Debug|Any CPU
		{3A546142-6773-462E-B334-09CA68C7AF14}.Debug|Any CPU.Deploy.0 = Debug|Any CPU
		{3A546142-6773-462E-B334-09CA68C7AF14}.Debug|ARM.ActiveCfg = Debug|ARM
		{3A546142-6773-462E-B334-09CA68C7AF14}.Debug|ARM.Build.0 = Debug|ARM
		{3A546142-6773-462E-B334-09CA68C7AF14}.Debug|ARM.Deploy.0 = Debug|ARM
		{3A546142-6773-462E-B334-09CA68C7AF14}.Debug|iPhone.ActiveCfg = Debug|Any CPU
		{3A546142-6773-462E-B334-09CA68C7AF14}.Debug|iPhoneSimulator.ActiveCfg = Debug|Any CPU
		{3A546142-6773-462E-B334-09CA68C7AF14}.Debug|Mixed Platforms.ActiveCfg = Debug|x86
		{3A546142-6773-462E-B334-09CA68C7AF14}.Debug|Mixed Platforms.Build.0 = Debug|x86
		{3A546142-6773-462E-B334-09CA68C7AF14}.Debug|Mixed Platforms.Deploy.0 = Debug|x86
		{3A546142-6773-462E-B334-09CA68C7AF14}.Debug|x86.ActiveCfg = Debug|x86
		{3A546142-6773-462E-B334-09CA68C7AF14}.Debug|x86.Build.0 = Debug|x86
		{3A546142-6773-462E-B334-09CA68C7AF14}.Debug|x86.Deploy.0 = Debug|x86
		{3A546142-6773-462E-B334-09CA68C7AF14}.Release|Any CPU.ActiveCfg = Release|Any CPU
		{3A546142-6773-462E-B334-09CA68C7AF14}.Release|Any CPU.Build.0 = Release|Any CPU
		{3A546142-6773-462E-B334-09CA68C7AF14}.Release|Any CPU.Deploy.0 = Release|Any CPU
		{3A546142-6773-462E-B334-09CA68C7AF14}.Release|ARM.ActiveCfg = Release|ARM
		{3A546142-6773-462E-B334-09CA68C7AF14}.Release|ARM.Build.0 = Release|ARM
		{3A546142-6773-462E-B334-09CA68C7AF14}.Release|ARM.Deploy.0 = Release|ARM
		{3A546142-6773-462E-B334-09CA68C7AF14}.Release|iPhone.ActiveCfg = Release|Any CPU
		{3A546142-6773-462E-B334-09CA68C7AF14}.Release|iPhoneSimulator.ActiveCfg = Release|Any CPU
		{3A546142-6773-462E-B334-09CA68C7AF14}.Release|Mixed Platforms.ActiveCfg = Release|x86
		{3A546142-6773-462E-B334-09CA68C7AF14}.Release|Mixed Platforms.Build.0 = Release|x86
		{3A546142-6773-462E-B334-09CA68C7AF14}.Release|Mixed Platforms.Deploy.0 = Release|x86
		{3A546142-6773-462E-B334-09CA68C7AF14}.Release|x86.ActiveCfg = Release|x86
		{3A546142-6773-462E-B334-09CA68C7AF14}.Release|x86.Build.0 = Release|x86
		{3A546142-6773-462E-B334-09CA68C7AF14}.Release|x86.Deploy.0 = Release|x86
		{AEBF58E3-B58F-4625-B767-572D6F3429E5}.Ad-Hoc|Any CPU.ActiveCfg = Release|Any CPU
		{AEBF58E3-B58F-4625-B767-572D6F3429E5}.Ad-Hoc|Any CPU.Build.0 = Release|Any CPU
		{AEBF58E3-B58F-4625-B767-572D6F3429E5}.Ad-Hoc|Any CPU.Deploy.0 = Release|Any CPU
		{AEBF58E3-B58F-4625-B767-572D6F3429E5}.Ad-Hoc|ARM.ActiveCfg = Release|ARM
		{AEBF58E3-B58F-4625-B767-572D6F3429E5}.Ad-Hoc|ARM.Build.0 = Release|ARM
		{AEBF58E3-B58F-4625-B767-572D6F3429E5}.Ad-Hoc|ARM.Deploy.0 = Release|ARM
		{AEBF58E3-B58F-4625-B767-572D6F3429E5}.Ad-Hoc|iPhone.ActiveCfg = Release|Any CPU
		{AEBF58E3-B58F-4625-B767-572D6F3429E5}.Ad-Hoc|iPhoneSimulator.ActiveCfg = Release|Any CPU
		{AEBF58E3-B58F-4625-B767-572D6F3429E5}.Ad-Hoc|Mixed Platforms.ActiveCfg = Release|x86
		{AEBF58E3-B58F-4625-B767-572D6F3429E5}.Ad-Hoc|Mixed Platforms.Build.0 = Release|x86
		{AEBF58E3-B58F-4625-B767-572D6F3429E5}.Ad-Hoc|Mixed Platforms.Deploy.0 = Release|x86
		{AEBF58E3-B58F-4625-B767-572D6F3429E5}.Ad-Hoc|x86.ActiveCfg = Release|x86
		{AEBF58E3-B58F-4625-B767-572D6F3429E5}.Ad-Hoc|x86.Build.0 = Release|x86
		{AEBF58E3-B58F-4625-B767-572D6F3429E5}.Ad-Hoc|x86.Deploy.0 = Release|x86
		{AEBF58E3-B58F-4625-B767-572D6F3429E5}.AppStore|Any CPU.ActiveCfg = Release|Any CPU
		{AEBF58E3-B58F-4625-B767-572D6F3429E5}.AppStore|Any CPU.Build.0 = Release|Any CPU
		{AEBF58E3-B58F-4625-B767-572D6F3429E5}.AppStore|Any CPU.Deploy.0 = Release|Any CPU
		{AEBF58E3-B58F-4625-B767-572D6F3429E5}.AppStore|ARM.ActiveCfg = Release|ARM
		{AEBF58E3-B58F-4625-B767-572D6F3429E5}.AppStore|ARM.Build.0 = Release|ARM
		{AEBF58E3-B58F-4625-B767-572D6F3429E5}.AppStore|ARM.Deploy.0 = Release|ARM
		{AEBF58E3-B58F-4625-B767-572D6F3429E5}.AppStore|iPhone.ActiveCfg = Release|Any CPU
		{AEBF58E3-B58F-4625-B767-572D6F3429E5}.AppStore|iPhoneSimulator.ActiveCfg = Release|Any CPU
		{AEBF58E3-B58F-4625-B767-572D6F3429E5}.AppStore|Mixed Platforms.ActiveCfg = Release|x86
		{AEBF58E3-B58F-4625-B767-572D6F3429E5}.AppStore|Mixed Platforms.Build.0 = Release|x86
		{AEBF58E3-B58F-4625-B767-572D6F3429E5}.AppStore|Mixed Platforms.Deploy.0 = Release|x86
		{AEBF58E3-B58F-4625-B767-572D6F3429E5}.AppStore|x86.ActiveCfg = Release|x86
		{AEBF58E3-B58F-4625-B767-572D6F3429E5}.AppStore|x86.Build.0 = Release|x86
		{AEBF58E3-B58F-4625-B767-572D6F3429E5}.AppStore|x86.Deploy.0 = Release|x86
		{AEBF58E3-B58F-4625-B767-572D6F3429E5}.Debug|Any CPU.ActiveCfg = Debug|Any CPU
		{AEBF58E3-B58F-4625-B767-572D6F3429E5}.Debug|Any CPU.Build.0 = Debug|Any CPU
		{AEBF58E3-B58F-4625-B767-572D6F3429E5}.Debug|Any CPU.Deploy.0 = Debug|Any CPU
		{AEBF58E3-B58F-4625-B767-572D6F3429E5}.Debug|ARM.ActiveCfg = Debug|ARM
		{AEBF58E3-B58F-4625-B767-572D6F3429E5}.Debug|ARM.Build.0 = Debug|ARM
		{AEBF58E3-B58F-4625-B767-572D6F3429E5}.Debug|ARM.Deploy.0 = Debug|ARM
		{AEBF58E3-B58F-4625-B767-572D6F3429E5}.Debug|iPhone.ActiveCfg = Debug|Any CPU
		{AEBF58E3-B58F-4625-B767-572D6F3429E5}.Debug|iPhoneSimulator.ActiveCfg = Debug|Any CPU
		{AEBF58E3-B58F-4625-B767-572D6F3429E5}.Debug|Mixed Platforms.ActiveCfg = Debug|x86
		{AEBF58E3-B58F-4625-B767-572D6F3429E5}.Debug|Mixed Platforms.Build.0 = Debug|x86
		{AEBF58E3-B58F-4625-B767-572D6F3429E5}.Debug|Mixed Platforms.Deploy.0 = Debug|x86
		{AEBF58E3-B58F-4625-B767-572D6F3429E5}.Debug|x86.ActiveCfg = Debug|x86
		{AEBF58E3-B58F-4625-B767-572D6F3429E5}.Debug|x86.Build.0 = Debug|x86
		{AEBF58E3-B58F-4625-B767-572D6F3429E5}.Debug|x86.Deploy.0 = Debug|x86
		{AEBF58E3-B58F-4625-B767-572D6F3429E5}.Release|Any CPU.ActiveCfg = Release|Any CPU
		{AEBF58E3-B58F-4625-B767-572D6F3429E5}.Release|Any CPU.Build.0 = Release|Any CPU
		{AEBF58E3-B58F-4625-B767-572D6F3429E5}.Release|Any CPU.Deploy.0 = Release|Any CPU
		{AEBF58E3-B58F-4625-B767-572D6F3429E5}.Release|ARM.ActiveCfg = Release|ARM
		{AEBF58E3-B58F-4625-B767-572D6F3429E5}.Release|ARM.Build.0 = Release|ARM
		{AEBF58E3-B58F-4625-B767-572D6F3429E5}.Release|ARM.Deploy.0 = Release|ARM
		{AEBF58E3-B58F-4625-B767-572D6F3429E5}.Release|iPhone.ActiveCfg = Release|Any CPU
		{AEBF58E3-B58F-4625-B767-572D6F3429E5}.Release|iPhoneSimulator.ActiveCfg = Release|Any CPU
		{AEBF58E3-B58F-4625-B767-572D6F3429E5}.Release|Mixed Platforms.ActiveCfg = Release|x86
		{AEBF58E3-B58F-4625-B767-572D6F3429E5}.Release|Mixed Platforms.Build.0 = Release|x86
		{AEBF58E3-B58F-4625-B767-572D6F3429E5}.Release|Mixed Platforms.Deploy.0 = Release|x86
		{AEBF58E3-B58F-4625-B767-572D6F3429E5}.Release|x86.ActiveCfg = Release|x86
		{AEBF58E3-B58F-4625-B767-572D6F3429E5}.Release|x86.Build.0 = Release|x86
		{AEBF58E3-B58F-4625-B767-572D6F3429E5}.Release|x86.Deploy.0 = Release|x86
		{111882E1-D1A2-487F-8763-A751CEE7316F}.Ad-Hoc|Any CPU.ActiveCfg = Ad-Hoc|iPhone
		{111882E1-D1A2-487F-8763-A751CEE7316F}.Ad-Hoc|ARM.ActiveCfg = Ad-Hoc|iPhone
		{111882E1-D1A2-487F-8763-A751CEE7316F}.Ad-Hoc|iPhone.ActiveCfg = Ad-Hoc|iPhone
		{111882E1-D1A2-487F-8763-A751CEE7316F}.Ad-Hoc|iPhone.Build.0 = Ad-Hoc|iPhone
		{111882E1-D1A2-487F-8763-A751CEE7316F}.Ad-Hoc|iPhone.Deploy.0 = Ad-Hoc|iPhone
		{111882E1-D1A2-487F-8763-A751CEE7316F}.Ad-Hoc|iPhoneSimulator.ActiveCfg = Ad-Hoc|iPhoneSimulator
		{111882E1-D1A2-487F-8763-A751CEE7316F}.Ad-Hoc|iPhoneSimulator.Build.0 = Ad-Hoc|iPhoneSimulator
		{111882E1-D1A2-487F-8763-A751CEE7316F}.Ad-Hoc|iPhoneSimulator.Deploy.0 = Ad-Hoc|iPhoneSimulator
		{111882E1-D1A2-487F-8763-A751CEE7316F}.Ad-Hoc|Mixed Platforms.ActiveCfg = Ad-Hoc|iPhone
		{111882E1-D1A2-487F-8763-A751CEE7316F}.Ad-Hoc|Mixed Platforms.Build.0 = Ad-Hoc|iPhone
		{111882E1-D1A2-487F-8763-A751CEE7316F}.Ad-Hoc|Mixed Platforms.Deploy.0 = Ad-Hoc|iPhone
		{111882E1-D1A2-487F-8763-A751CEE7316F}.Ad-Hoc|x86.ActiveCfg = Ad-Hoc|iPhone
		{111882E1-D1A2-487F-8763-A751CEE7316F}.AppStore|Any CPU.ActiveCfg = AppStore|iPhone
		{111882E1-D1A2-487F-8763-A751CEE7316F}.AppStore|ARM.ActiveCfg = AppStore|iPhone
		{111882E1-D1A2-487F-8763-A751CEE7316F}.AppStore|iPhone.ActiveCfg = AppStore|iPhone
		{111882E1-D1A2-487F-8763-A751CEE7316F}.AppStore|iPhone.Build.0 = AppStore|iPhone
		{111882E1-D1A2-487F-8763-A751CEE7316F}.AppStore|iPhone.Deploy.0 = AppStore|iPhone
		{111882E1-D1A2-487F-8763-A751CEE7316F}.AppStore|iPhoneSimulator.ActiveCfg = AppStore|iPhoneSimulator
		{111882E1-D1A2-487F-8763-A751CEE7316F}.AppStore|iPhoneSimulator.Build.0 = AppStore|iPhoneSimulator
		{111882E1-D1A2-487F-8763-A751CEE7316F}.AppStore|iPhoneSimulator.Deploy.0 = AppStore|iPhoneSimulator
		{111882E1-D1A2-487F-8763-A751CEE7316F}.AppStore|Mixed Platforms.ActiveCfg = AppStore|iPhone
		{111882E1-D1A2-487F-8763-A751CEE7316F}.AppStore|Mixed Platforms.Build.0 = AppStore|iPhone
		{111882E1-D1A2-487F-8763-A751CEE7316F}.AppStore|Mixed Platforms.Deploy.0 = AppStore|iPhone
		{111882E1-D1A2-487F-8763-A751CEE7316F}.AppStore|x86.ActiveCfg = AppStore|iPhone
		{111882E1-D1A2-487F-8763-A751CEE7316F}.Debug|Any CPU.ActiveCfg = Debug|iPhone
		{111882E1-D1A2-487F-8763-A751CEE7316F}.Debug|ARM.ActiveCfg = Debug|iPhone
		{111882E1-D1A2-487F-8763-A751CEE7316F}.Debug|iPhone.ActiveCfg = Debug|iPhone
		{111882E1-D1A2-487F-8763-A751CEE7316F}.Debug|iPhone.Build.0 = Debug|iPhone
		{111882E1-D1A2-487F-8763-A751CEE7316F}.Debug|iPhone.Deploy.0 = Debug|iPhone
		{111882E1-D1A2-487F-8763-A751CEE7316F}.Debug|iPhoneSimulator.ActiveCfg = Debug|iPhoneSimulator
		{111882E1-D1A2-487F-8763-A751CEE7316F}.Debug|iPhoneSimulator.Build.0 = Debug|iPhoneSimulator
		{111882E1-D1A2-487F-8763-A751CEE7316F}.Debug|iPhoneSimulator.Deploy.0 = Debug|iPhoneSimulator
		{111882E1-D1A2-487F-8763-A751CEE7316F}.Debug|Mixed Platforms.ActiveCfg = Debug|iPhone
		{111882E1-D1A2-487F-8763-A751CEE7316F}.Debug|Mixed Platforms.Build.0 = Debug|iPhone
		{111882E1-D1A2-487F-8763-A751CEE7316F}.Debug|Mixed Platforms.Deploy.0 = Debug|iPhone
		{111882E1-D1A2-487F-8763-A751CEE7316F}.Debug|x86.ActiveCfg = Debug|iPhone
		{111882E1-D1A2-487F-8763-A751CEE7316F}.Release|Any CPU.ActiveCfg = Release|iPhone
		{111882E1-D1A2-487F-8763-A751CEE7316F}.Release|ARM.ActiveCfg = Release|iPhone
		{111882E1-D1A2-487F-8763-A751CEE7316F}.Release|iPhone.ActiveCfg = Release|iPhone
		{111882E1-D1A2-487F-8763-A751CEE7316F}.Release|iPhone.Build.0 = Release|iPhone
		{111882E1-D1A2-487F-8763-A751CEE7316F}.Release|iPhone.Deploy.0 = Release|iPhone
		{111882E1-D1A2-487F-8763-A751CEE7316F}.Release|iPhoneSimulator.ActiveCfg = Release|iPhoneSimulator
		{111882E1-D1A2-487F-8763-A751CEE7316F}.Release|iPhoneSimulator.Build.0 = Release|iPhoneSimulator
		{111882E1-D1A2-487F-8763-A751CEE7316F}.Release|iPhoneSimulator.Deploy.0 = Release|iPhoneSimulator
		{111882E1-D1A2-487F-8763-A751CEE7316F}.Release|Mixed Platforms.ActiveCfg = Release|iPhone
		{111882E1-D1A2-487F-8763-A751CEE7316F}.Release|Mixed Platforms.Build.0 = Release|iPhone
		{111882E1-D1A2-487F-8763-A751CEE7316F}.Release|Mixed Platforms.Deploy.0 = Release|iPhone
		{111882E1-D1A2-487F-8763-A751CEE7316F}.Release|x86.ActiveCfg = Release|iPhone
		{0623B093-D941-4C03-968F-62AAED8ED6CE}.Ad-Hoc|Any CPU.ActiveCfg = Release|Any CPU
		{0623B093-D941-4C03-968F-62AAED8ED6CE}.Ad-Hoc|Any CPU.Build.0 = Release|Any CPU
		{0623B093-D941-4C03-968F-62AAED8ED6CE}.Ad-Hoc|Any CPU.Deploy.0 = Release|Any CPU
		{0623B093-D941-4C03-968F-62AAED8ED6CE}.Ad-Hoc|ARM.ActiveCfg = Release|Any CPU
		{0623B093-D941-4C03-968F-62AAED8ED6CE}.Ad-Hoc|iPhone.ActiveCfg = Release|Any CPU
		{0623B093-D941-4C03-968F-62AAED8ED6CE}.Ad-Hoc|iPhoneSimulator.ActiveCfg = Release|Any CPU
		{0623B093-D941-4C03-968F-62AAED8ED6CE}.Ad-Hoc|Mixed Platforms.ActiveCfg = Release|Any CPU
		{0623B093-D941-4C03-968F-62AAED8ED6CE}.Ad-Hoc|Mixed Platforms.Build.0 = Release|Any CPU
		{0623B093-D941-4C03-968F-62AAED8ED6CE}.Ad-Hoc|Mixed Platforms.Deploy.0 = Release|Any CPU
		{0623B093-D941-4C03-968F-62AAED8ED6CE}.Ad-Hoc|x86.ActiveCfg = Release|Any CPU
		{0623B093-D941-4C03-968F-62AAED8ED6CE}.AppStore|Any CPU.ActiveCfg = Release|Any CPU
		{0623B093-D941-4C03-968F-62AAED8ED6CE}.AppStore|Any CPU.Build.0 = Release|Any CPU
		{0623B093-D941-4C03-968F-62AAED8ED6CE}.AppStore|Any CPU.Deploy.0 = Release|Any CPU
		{0623B093-D941-4C03-968F-62AAED8ED6CE}.AppStore|ARM.ActiveCfg = Release|Any CPU
		{0623B093-D941-4C03-968F-62AAED8ED6CE}.AppStore|iPhone.ActiveCfg = Release|Any CPU
		{0623B093-D941-4C03-968F-62AAED8ED6CE}.AppStore|iPhoneSimulator.ActiveCfg = Release|Any CPU
		{0623B093-D941-4C03-968F-62AAED8ED6CE}.AppStore|Mixed Platforms.ActiveCfg = Release|Any CPU
		{0623B093-D941-4C03-968F-62AAED8ED6CE}.AppStore|Mixed Platforms.Build.0 = Release|Any CPU
		{0623B093-D941-4C03-968F-62AAED8ED6CE}.AppStore|Mixed Platforms.Deploy.0 = Release|Any CPU
		{0623B093-D941-4C03-968F-62AAED8ED6CE}.AppStore|x86.ActiveCfg = Release|Any CPU
		{0623B093-D941-4C03-968F-62AAED8ED6CE}.Debug|Any CPU.ActiveCfg = Debug|Any CPU
		{0623B093-D941-4C03-968F-62AAED8ED6CE}.Debug|Any CPU.Build.0 = Debug|Any CPU
		{0623B093-D941-4C03-968F-62AAED8ED6CE}.Debug|Any CPU.Deploy.0 = Debug|Any CPU
		{0623B093-D941-4C03-968F-62AAED8ED6CE}.Debug|ARM.ActiveCfg = Debug|Any CPU
		{0623B093-D941-4C03-968F-62AAED8ED6CE}.Debug|iPhone.ActiveCfg = Debug|Any CPU
		{0623B093-D941-4C03-968F-62AAED8ED6CE}.Debug|iPhoneSimulator.ActiveCfg = Debug|Any CPU
		{0623B093-D941-4C03-968F-62AAED8ED6CE}.Debug|Mixed Platforms.ActiveCfg = Debug|Any CPU
		{0623B093-D941-4C03-968F-62AAED8ED6CE}.Debug|Mixed Platforms.Build.0 = Debug|Any CPU
		{0623B093-D941-4C03-968F-62AAED8ED6CE}.Debug|Mixed Platforms.Deploy.0 = Debug|Any CPU
		{0623B093-D941-4C03-968F-62AAED8ED6CE}.Debug|x86.ActiveCfg = Debug|Any CPU
		{0623B093-D941-4C03-968F-62AAED8ED6CE}.Release|Any CPU.ActiveCfg = Release|Any CPU
		{0623B093-D941-4C03-968F-62AAED8ED6CE}.Release|Any CPU.Build.0 = Release|Any CPU
		{0623B093-D941-4C03-968F-62AAED8ED6CE}.Release|Any CPU.Deploy.0 = Release|Any CPU
		{0623B093-D941-4C03-968F-62AAED8ED6CE}.Release|ARM.ActiveCfg = Release|Any CPU
		{0623B093-D941-4C03-968F-62AAED8ED6CE}.Release|iPhone.ActiveCfg = Release|Any CPU
		{0623B093-D941-4C03-968F-62AAED8ED6CE}.Release|iPhoneSimulator.ActiveCfg = Release|Any CPU
		{0623B093-D941-4C03-968F-62AAED8ED6CE}.Release|Mixed Platforms.ActiveCfg = Release|Any CPU
		{0623B093-D941-4C03-968F-62AAED8ED6CE}.Release|Mixed Platforms.Build.0 = Release|Any CPU
		{0623B093-D941-4C03-968F-62AAED8ED6CE}.Release|Mixed Platforms.Deploy.0 = Release|Any CPU
		{0623B093-D941-4C03-968F-62AAED8ED6CE}.Release|x86.ActiveCfg = Release|Any CPU
	EndGlobalSection
	GlobalSection(SolutionProperties) = preSolution
		HideSolutionNode = FALSE
	EndGlobalSection
	GlobalSection(NestedProjects) = preSolution
		{E966E8C8-0224-4C36-A8A6-2FF9535662E4} = {C4B52395-D78B-4E7C-B7BB-6E95EDD64208}
		{0F6E4B9C-B889-4E13-9CFB-65749E0EA146} = {C4B52395-D78B-4E7C-B7BB-6E95EDD64208}
		{3A546142-6773-462E-B334-09CA68C7AF14} = {C4B52395-D78B-4E7C-B7BB-6E95EDD64208}
		{AEBF58E3-B58F-4625-B767-572D6F3429E5} = {66C6F94E-A357-4AF6-B4B2-BA2B889EB7FB}
		{111882E1-D1A2-487F-8763-A751CEE7316F} = {66C6F94E-A357-4AF6-B4B2-BA2B889EB7FB}
		{0623B093-D941-4C03-968F-62AAED8ED6CE} = {66C6F94E-A357-4AF6-B4B2-BA2B889EB7FB}
		{BD17EDE4-2F32-4792-A243-50A819787E1A} = {66C6F94E-A357-4AF6-B4B2-BA2B889EB7FB}
	EndGlobalSection
EndGlobal
